
Microsoft Visual Studio Solution File, Format Version 12.00
# Visual Studio Version 17
VisualStudioVersion = 17.9.34723.18
MinimumVisualStudioVersion = 10.0.40219.1
Project("{9A19103F-16F7-4668-BE54-9A1E7A4F7556}") = "RedisConsoleApp", "RedisConsoleApp\RedisConsoleApp.csproj", "{C761E962-5FAA-4DB1-82B0-105118142EB6}"
EndProject
Project("{FAE04EC0-301F-11D3-BF4B-00C04F79EFBC}") = "RedisApiApp", "RedisApiApp\RedisApiApp.csproj", "{65E542C8-0AE6-4CFB-BB42-26954F7B5A41}"
EndProject
Global
	GlobalSection(SolutionConfigurationPlatforms) = preSolution
		Debug|Any CPU = Debug|Any CPU
		Release|Any CPU = Release|Any CPU
	EndGlobalSection
	GlobalSection(ProjectConfigurationPlatforms) = postSolution
		{C761E962-5FAA-4DB1-82B0-105118142EB6}.Debug|Any CPU.ActiveCfg = Debug|Any CPU
		{C761E962-5FAA-4DB1-82B0-105118142EB6}.Debug|Any CPU.Build.0 = Debug|Any CPU
		{C761E962-5FAA-4DB1-82B0-105118142EB6}.Release|Any CPU.ActiveCfg = Release|Any CPU
		{C761E962-5FAA-4DB1-82B0-105118142EB6}.Release|Any CPU.Build.0 = Release|Any CPU
		{65E542C8-0AE6-4CFB-BB42-26954F7B5A41}.Debug|Any CPU.ActiveCfg = Debug|Any CPU
		{65E542C8-0AE6-4CFB-BB42-26954F7B5A41}.Debug|Any CPU.Build.0 = Debug|Any CPU
		{65E542C8-0AE6-4CFB-BB42-26954F7B5A41}.Release|Any CPU.ActiveCfg = Release|Any CPU
		{65E542C8-0AE6-4CFB-BB42-26954F7B5A41}.Release|Any CPU.Build.0 = Release|Any CPU
	EndGlobalSection
	GlobalSection(SolutionProperties) = preSolution
		HideSolutionNode = FALSE
	EndGlobalSection
	GlobalSection(ExtensibilityGlobals) = postSolution
		SolutionGuid = {4280C7F9-F761-4F4C-AF30-429C8CB64FB2}
	EndGlobalSection
EndGlobal
